
Microsoft Visual Studio Solution File, Format Version 12.00
# Visual Studio Version 17
VisualStudioVersion = 17.9.34723.18
MinimumVisualStudioVersion = 10.0.40219.1
Project("{9A19103F-16F7-4668-BE54-9A1E7A4F7556}") = "UkrBuildAPI", "UkrBuildAPI\UkrBuildAPI.csproj", "{2A22A25A-DB02-406F-BBE7-2A5E697A8F8E}"
EndProject
Project("{9A19103F-16F7-4668-BE54-9A1E7A4F7556}") = "UkrBuildCrmAPI", "UkrBuildCrmAPI\UkrBuildCrmAPI.csproj", "{1CA17201-E385-4D02-A37C-57BE7AB2C2DA}"
EndProject
Project("{FAE04EC0-301F-11D3-BF4B-00C04F79EFBC}") = "UkrBuildDataAPI", "UkrBuildDataAPI\UkrBuildDataAPI.csproj", "{C91C8BCC-90E1-477C-939C-05A784E3D728}"
EndProject
Project("{FAE04EC0-301F-11D3-BF4B-00C04F79EFBC}") = "UkrBuildAPI.Shared", "UkrBuildAPI.Shared\UkrBuildAPI.Shared.csproj", "{687F07AF-85B7-4B9E-B1ED-58F4EB068E41}"
EndProject
Global
	GlobalSection(SolutionConfigurationPlatforms) = preSolution
		Debug|Any CPU = Debug|Any CPU
		Release|Any CPU = Release|Any CPU
	EndGlobalSection
	GlobalSection(ProjectConfigurationPlatforms) = postSolution
		{2A22A25A-DB02-406F-BBE7-2A5E697A8F8E}.Debug|Any CPU.ActiveCfg = Debug|Any CPU
		{2A22A25A-DB02-406F-BBE7-2A5E697A8F8E}.Debug|Any CPU.Build.0 = Debug|Any CPU
		{2A22A25A-DB02-406F-BBE7-2A5E697A8F8E}.Release|Any CPU.ActiveCfg = Release|Any CPU
		{2A22A25A-DB02-406F-BBE7-2A5E697A8F8E}.Release|Any CPU.Build.0 = Release|Any CPU
		{1CA17201-E385-4D02-A37C-57BE7AB2C2DA}.Debug|Any CPU.ActiveCfg = Debug|Any CPU
		{1CA17201-E385-4D02-A37C-57BE7AB2C2DA}.Debug|Any CPU.Build.0 = Debug|Any CPU
		{1CA17201-E385-4D02-A37C-57BE7AB2C2DA}.Release|Any CPU.ActiveCfg = Release|Any CPU
		{1CA17201-E385-4D02-A37C-57BE7AB2C2DA}.Release|Any CPU.Build.0 = Release|Any CPU
		{C91C8BCC-90E1-477C-939C-05A784E3D728}.Debug|Any CPU.ActiveCfg = Debug|Any CPU
		{C91C8BCC-90E1-477C-939C-05A784E3D728}.Debug|Any CPU.Build.0 = Debug|Any CPU
		{C91C8BCC-90E1-477C-939C-05A784E3D728}.Release|Any CPU.ActiveCfg = Release|Any CPU
		{C91C8BCC-90E1-477C-939C-05A784E3D728}.Release|Any CPU.Build.0 = Release|Any CPU
		{687F07AF-85B7-4B9E-B1ED-58F4EB068E41}.Debug|Any CPU.ActiveCfg = Debug|Any CPU
		{687F07AF-85B7-4B9E-B1ED-58F4EB068E41}.Debug|Any CPU.Build.0 = Debug|Any CPU
		{687F07AF-85B7-4B9E-B1ED-58F4EB068E41}.Release|Any CPU.ActiveCfg = Release|Any CPU
		{687F07AF-85B7-4B9E-B1ED-58F4EB068E41}.Release|Any CPU.Build.0 = Release|Any CPU
	EndGlobalSection
	GlobalSection(SolutionProperties) = preSolution
		HideSolutionNode = FALSE
	EndGlobalSection
	GlobalSection(ExtensibilityGlobals) = postSolution
		SolutionGuid = {19BDF9CA-6F42-4442-B435-8C60FF281B03}
	EndGlobalSection
EndGlobal
